
Microsoft Visual Studio Solution File, Format Version 12.00
# Visual Studio Version 16
VisualStudioVersion = 16.0.30114.105
MinimumVisualStudioVersion = 10.0.40219.1
Project("{FAE04EC0-301F-11D3-BF4B-00C04F79EFBC}") = "R5T.D0022", "R5T.D0022\R5T.D0022.csproj", "{8E6A7382-2DBD-40AA-B342-1DA517A5E94F}"
EndProject
Project("{FAE04EC0-301F-11D3-BF4B-00C04F79EFBC}") = "R5T.D0022.Base", "R5T.D0022.Base\R5T.D0022.Base.csproj", "{86C209FC-CB11-408A-8F57-768AD98EB858}"
EndProject
Project("{FAE04EC0-301F-11D3-BF4B-00C04F79EFBC}") = "R5T.D0022.Construction", "R5T.D0022.Construction\R5T.D0022.Construction.csproj", "{D5648235-4264-40FA-87F9-61C3B9C4123A}"
EndProject
Project("{FAE04EC0-301F-11D3-BF4B-00C04F79EFBC}") = "R5T.D0022.Default", "R5T.D0022.Default\R5T.D0022.Default.csproj", "{64C4D102-767A-4BD9-BF20-B81C8B452B93}"
EndProject
Global
	GlobalSection(SolutionConfigurationPlatforms) = preSolution
		Debug|Any CPU = Debug|Any CPU
		Debug|x64 = Debug|x64
		Debug|x86 = Debug|x86
		Release|Any CPU = Release|Any CPU
		Release|x64 = Release|x64
		Release|x86 = Release|x86
	EndGlobalSection
	GlobalSection(SolutionProperties) = preSolution
		HideSolutionNode = FALSE
	EndGlobalSection
	GlobalSection(ProjectConfigurationPlatforms) = postSolution
		{8E6A7382-2DBD-40AA-B342-1DA517A5E94F}.Debug|Any CPU.ActiveCfg = Debug|Any CPU
		{8E6A7382-2DBD-40AA-B342-1DA517A5E94F}.Debug|Any CPU.Build.0 = Debug|Any CPU
		{8E6A7382-2DBD-40AA-B342-1DA517A5E94F}.Debug|x64.ActiveCfg = Debug|Any CPU
		{8E6A7382-2DBD-40AA-B342-1DA517A5E94F}.Debug|x64.Build.0 = Debug|Any CPU
		{8E6A7382-2DBD-40AA-B342-1DA517A5E94F}.Debug|x86.ActiveCfg = Debug|Any CPU
		{8E6A7382-2DBD-40AA-B342-1DA517A5E94F}.Debug|x86.Build.0 = Debug|Any CPU
		{8E6A7382-2DBD-40AA-B342-1DA517A5E94F}.Release|Any CPU.ActiveCfg = Release|Any CPU
		{8E6A7382-2DBD-40AA-B342-1DA517A5E94F}.Release|Any CPU.Build.0 = Release|Any CPU
		{8E6A7382-2DBD-40AA-B342-1DA517A5E94F}.Release|x64.ActiveCfg = Release|Any CPU
		{8E6A7382-2DBD-40AA-B342-1DA517A5E94F}.Release|x64.Build.0 = Release|Any CPU
		{8E6A7382-2DBD-40AA-B342-1DA517A5E94F}.Release|x86.ActiveCfg = Release|Any CPU
		{8E6A7382-2DBD-40AA-B342-1DA517A5E94F}.Release|x86.Build.0 = Release|Any CPU
		{86C209FC-CB11-408A-8F57-768AD98EB858}.Debug|Any CPU.ActiveCfg = Debug|Any CPU
		{86C209FC-CB11-408A-8F57-768AD98EB858}.Debug|Any CPU.Build.0 = Debug|Any CPU
		{86C209FC-CB11-408A-8F57-768AD98EB858}.Debug|x64.ActiveCfg = Debug|Any CPU
		{86C209FC-CB11-408A-8F57-768AD98EB858}.Debug|x64.Build.0 = Debug|Any CPU
		{86C209FC-CB11-408A-8F57-768AD98EB858}.Debug|x86.ActiveCfg = Debug|Any CPU
		{86C209FC-CB11-408A-8F57-768AD98EB858}.Debug|x86.Build.0 = Debug|Any CPU
		{86C209FC-CB11-408A-8F57-768AD98EB858}.Release|Any CPU.ActiveCfg = Release|Any CPU
		{86C209FC-CB11-408A-8F57-768AD98EB858}.Release|Any CPU.Build.0 = Release|Any CPU
		{86C209FC-CB11-408A-8F57-768AD98EB858}.Release|x64.ActiveCfg = Release|Any CPU
		{86C209FC-CB11-408A-8F57-768AD98EB858}.Release|x64.Build.0 = Release|Any CPU
		{86C209FC-CB11-408A-8F57-768AD98EB858}.Release|x86.ActiveCfg = Release|Any CPU
		{86C209FC-CB11-408A-8F57-768AD98EB858}.Release|x86.Build.0 = Release|Any CPU
		{D5648235-4264-40FA-87F9-61C3B9C4123A}.Debug|Any CPU.ActiveCfg = Debug|Any CPU
		{D5648235-4264-40FA-87F9-61C3B9C4123A}.Debug|Any CPU.Build.0 = Debug|Any CPU
		{D5648235-4264-40FA-87F9-61C3B9C4123A}.Debug|x64.ActiveCfg = Debug|Any CPU
		{D5648235-4264-40FA-87F9-61C3B9C4123A}.Debug|x64.Build.0 = Debug|Any CPU
		{D5648235-4264-40FA-87F9-61C3B9C4123A}.Debug|x86.ActiveCfg = Debug|Any CPU
		{D5648235-4264-40FA-87F9-61C3B9C4123A}.Debug|x86.Build.0 = Debug|Any CPU
		{D5648235-4264-40FA-87F9-61C3B9C4123A}.Release|Any CPU.ActiveCfg = Release|Any CPU
		{D5648235-4264-40FA-87F9-61C3B9C4123A}.Release|Any CPU.Build.0 = Release|Any CPU
		{D5648235-4264-40FA-87F9-61C3B9C4123A}.Release|x64.ActiveCfg = Release|Any CPU
		{D5648235-4264-40FA-87F9-61C3B9C4123A}.Release|x64.Build.0 = Release|Any CPU
		{D5648235-4264-40FA-87F9-61C3B9C4123A}.Release|x86.ActiveCfg = Release|Any CPU
		{D5648235-4264-40FA-87F9-61C3B9C4123A}.Release|x86.Build.0 = Release|Any CPU
		{64C4D102-767A-4BD9-BF20-B81C8B452B93}.Debug|Any CPU.ActiveCfg = Debug|Any CPU
		{64C4D102-767A-4BD9-BF20-B81C8B452B93}.Debug|Any CPU.Build.0 = Debug|Any CPU
		{64C4D102-767A-4BD9-BF20-B81C8B452B93}.Debug|x64.ActiveCfg = Debug|Any CPU
		{64C4D102-767A-4BD9-BF20-B81C8B452B93}.Debug|x64.Build.0 = Debug|Any CPU
		{64C4D102-767A-4BD9-BF20-B81C8B452B93}.Debug|x86.ActiveCfg = Debug|Any CPU
		{64C4D102-767A-4BD9-BF20-B81C8B452B93}.Debug|x86.Build.0 = Debug|Any CPU
		{64C4D102-767A-4BD9-BF20-B81C8B452B93}.Release|Any CPU.ActiveCfg = Release|Any CPU
		{64C4D102-767A-4BD9-BF20-B81C8B452B93}.Release|Any CPU.Build.0 = Release|Any CPU
		{64C4D102-767A-4BD9-BF20-B81C8B452B93}.Release|x64.ActiveCfg = Release|Any CPU
		{64C4D102-767A-4BD9-BF20-B81C8B452B93}.Release|x64.Build.0 = Release|Any CPU
		{64C4D102-767A-4BD9-BF20-B81C8B452B93}.Release|x86.ActiveCfg = Release|Any CPU
		{64C4D102-767A-4BD9-BF20-B81C8B452B93}.Release|x86.Build.0 = Release|Any CPU
	EndGlobalSection
EndGlobal
