
Microsoft Visual Studio Solution File, Format Version 12.00
# Visual Studio 15
VisualStudioVersion = 15.0.26124.0
MinimumVisualStudioVersion = 15.0.26124.0
Project("{9A19103F-16F7-4668-BE54-9A1E7A4F7556}") = "R5T.D0022.Construction", "R5T.D0022.Construction\R5T.D0022.Construction.csproj", "{332F9106-F0E7-41B5-81CF-B13805C1C5C4}"
EndProject
Project("{9A19103F-16F7-4668-BE54-9A1E7A4F7556}") = "R5T.D0022", "R5T.D0022\R5T.D0022.csproj", "{162D145C-29B1-4DC1-B7F8-5A8BE0069886}"
EndProject
Project("{9A19103F-16F7-4668-BE54-9A1E7A4F7556}") = "R5T.D0022.Base", "R5T.D0022.Base\R5T.D0022.Base.csproj", "{6BF2CEF1-2977-4375-9B53-D9E557FD5BE6}"
EndProject
Project("{2150E333-8FDC-42A3-9474-1A3956D46DE8}") = "_Dependencies", "_Dependencies", "{E7CEAC97-EFA8-4459-86E9-9F0868F03946}"
EndProject
Project("{9A19103F-16F7-4668-BE54-9A1E7A4F7556}") = "R5T.T0004", "..\..\R5T.T0004\source\R5T.T0004\R5T.T0004.csproj", "{4C6A26D0-66CF-40FC-8CA7-7FC317CEDC47}"
EndProject
Project("{9A19103F-16F7-4668-BE54-9A1E7A4F7556}") = "R5T.T0002", "..\..\R5T.T0002\source\R5T.T0002\R5T.T0002.csproj", "{571329E6-382A-4134-8C67-6D2C9036F17F}"
EndProject
Project("{9A19103F-16F7-4668-BE54-9A1E7A4F7556}") = "R5T.Ostersund", "..\..\R5T.Ostersund\source\R5T.Ostersund\R5T.Ostersund.csproj", "{C277AB11-6B5A-400B-8C43-A6455AE8D278}"
EndProject
Project("{9A19103F-16F7-4668-BE54-9A1E7A4F7556}") = "R5T.T0003", "..\..\R5T.T0003\source\R5T.T0003\R5T.T0003.csproj", "{FDBD4504-8449-4ECB-931C-B1B561A7460A}"
EndProject
Project("{9A19103F-16F7-4668-BE54-9A1E7A4F7556}") = "R5T.T0005", "..\..\R5T.T0005\source\R5T.T0005\R5T.T0005.csproj", "{408BD56A-3C3D-421F-A852-B55BD9345147}"
EndProject
Project("{9A19103F-16F7-4668-BE54-9A1E7A4F7556}") = "R5T.Amphipolis", "..\..\R5T.Amphipolis\source\R5T.Amphipolis\R5T.Amphipolis.csproj", "{54BCB44A-3513-457F-95AB-0DF5388476DC}"
EndProject
Project("{9A19103F-16F7-4668-BE54-9A1E7A4F7556}") = "R5T.Magyar", "..\..\R5T.Magyar\source\R5T.Magyar\R5T.Magyar.csproj", "{5CCF5AFE-AF3E-47CA-811D-DE7FC8AB63B2}"
EndProject
Project("{9A19103F-16F7-4668-BE54-9A1E7A4F7556}") = "R5T.T0006", "..\..\R5T.T0006\source\R5T.T0006\R5T.T0006.csproj", "{1E21C92E-A8E5-4E80-B6C7-B0A488C53CB6}"
EndProject
Project("{9A19103F-16F7-4668-BE54-9A1E7A4F7556}") = "R5T.Ostersund.Extensions", "..\..\R5T.Ostersund\source\R5T.Ostersund.Extensions\R5T.Ostersund.Extensions.csproj", "{2EB5624D-F7BC-407C-A59E-686743AF2591}"
EndProject
Project("{9A19103F-16F7-4668-BE54-9A1E7A4F7556}") = "R5T.Angleterria", "..\..\R5T.Angleterria\source\R5T.Angleterria\R5T.Angleterria.csproj", "{8450E983-EE3A-4D98-9598-31B1BA5570EF}"
EndProject
Project("{9A19103F-16F7-4668-BE54-9A1E7A4F7556}") = "R5T.D0022.Default", "R5T.D0022.Default\R5T.D0022.Default.csproj", "{3096B47F-C69E-4DF3-872B-E2577B267E63}"
EndProject
Project("{9A19103F-16F7-4668-BE54-9A1E7A4F7556}") = "R5T.Dacia.Extensions", "..\..\R5T.Dacia.Extensions\source\R5T.Dacia.Extensions\R5T.Dacia.Extensions.csproj", "{18040D8A-EC2E-477D-B027-1AE67A86F7A6}"
EndProject
Project("{9A19103F-16F7-4668-BE54-9A1E7A4F7556}") = "R5T.Dacia", "..\..\R5T.Dacia\source\R5T.Dacia\R5T.Dacia.csproj", "{2085134B-DC89-4E0E-B38C-8BAC08B8ADA4}"
EndProject
Project("{9A19103F-16F7-4668-BE54-9A1E7A4F7556}") = "R5T.T0064", "..\..\R5T.T0064\source\R5T.T0064\R5T.T0064.csproj", "{0DE04D63-EE20-4FF9-9C35-A041EC4E2E54}"
EndProject
Global
	GlobalSection(SolutionConfigurationPlatforms) = preSolution
		Debug|Any CPU = Debug|Any CPU
		Debug|x64 = Debug|x64
		Debug|x86 = Debug|x86
		Release|Any CPU = Release|Any CPU
		Release|x64 = Release|x64
		Release|x86 = Release|x86
	EndGlobalSection
	GlobalSection(ProjectConfigurationPlatforms) = postSolution
		{332F9106-F0E7-41B5-81CF-B13805C1C5C4}.Debug|Any CPU.ActiveCfg = Debug|Any CPU
		{332F9106-F0E7-41B5-81CF-B13805C1C5C4}.Debug|Any CPU.Build.0 = Debug|Any CPU
		{332F9106-F0E7-41B5-81CF-B13805C1C5C4}.Debug|x64.ActiveCfg = Debug|Any CPU
		{332F9106-F0E7-41B5-81CF-B13805C1C5C4}.Debug|x64.Build.0 = Debug|Any CPU
		{332F9106-F0E7-41B5-81CF-B13805C1C5C4}.Debug|x86.ActiveCfg = Debug|Any CPU
		{332F9106-F0E7-41B5-81CF-B13805C1C5C4}.Debug|x86.Build.0 = Debug|Any CPU
		{332F9106-F0E7-41B5-81CF-B13805C1C5C4}.Release|Any CPU.ActiveCfg = Release|Any CPU
		{332F9106-F0E7-41B5-81CF-B13805C1C5C4}.Release|Any CPU.Build.0 = Release|Any CPU
		{332F9106-F0E7-41B5-81CF-B13805C1C5C4}.Release|x64.ActiveCfg = Release|Any CPU
		{332F9106-F0E7-41B5-81CF-B13805C1C5C4}.Release|x64.Build.0 = Release|Any CPU
		{332F9106-F0E7-41B5-81CF-B13805C1C5C4}.Release|x86.ActiveCfg = Release|Any CPU
		{332F9106-F0E7-41B5-81CF-B13805C1C5C4}.Release|x86.Build.0 = Release|Any CPU
		{162D145C-29B1-4DC1-B7F8-5A8BE0069886}.Debug|Any CPU.ActiveCfg = Debug|Any CPU
		{162D145C-29B1-4DC1-B7F8-5A8BE0069886}.Debug|Any CPU.Build.0 = Debug|Any CPU
		{162D145C-29B1-4DC1-B7F8-5A8BE0069886}.Debug|x64.ActiveCfg = Debug|Any CPU
		{162D145C-29B1-4DC1-B7F8-5A8BE0069886}.Debug|x64.Build.0 = Debug|Any CPU
		{162D145C-29B1-4DC1-B7F8-5A8BE0069886}.Debug|x86.ActiveCfg = Debug|Any CPU
		{162D145C-29B1-4DC1-B7F8-5A8BE0069886}.Debug|x86.Build.0 = Debug|Any CPU
		{162D145C-29B1-4DC1-B7F8-5A8BE0069886}.Release|Any CPU.ActiveCfg = Release|Any CPU
		{162D145C-29B1-4DC1-B7F8-5A8BE0069886}.Release|Any CPU.Build.0 = Release|Any CPU
		{162D145C-29B1-4DC1-B7F8-5A8BE0069886}.Release|x64.ActiveCfg = Release|Any CPU
		{162D145C-29B1-4DC1-B7F8-5A8BE0069886}.Release|x64.Build.0 = Release|Any CPU
		{162D145C-29B1-4DC1-B7F8-5A8BE0069886}.Release|x86.ActiveCfg = Release|Any CPU
		{162D145C-29B1-4DC1-B7F8-5A8BE0069886}.Release|x86.Build.0 = Release|Any CPU
		{6BF2CEF1-2977-4375-9B53-D9E557FD5BE6}.Debug|Any CPU.ActiveCfg = Debug|Any CPU
		{6BF2CEF1-2977-4375-9B53-D9E557FD5BE6}.Debug|Any CPU.Build.0 = Debug|Any CPU
		{6BF2CEF1-2977-4375-9B53-D9E557FD5BE6}.Debug|x64.ActiveCfg = Debug|Any CPU
		{6BF2CEF1-2977-4375-9B53-D9E557FD5BE6}.Debug|x64.Build.0 = Debug|Any CPU
		{6BF2CEF1-2977-4375-9B53-D9E557FD5BE6}.Debug|x86.ActiveCfg = Debug|Any CPU
		{6BF2CEF1-2977-4375-9B53-D9E557FD5BE6}.Debug|x86.Build.0 = Debug|Any CPU
		{6BF2CEF1-2977-4375-9B53-D9E557FD5BE6}.Release|Any CPU.ActiveCfg = Release|Any CPU
		{6BF2CEF1-2977-4375-9B53-D9E557FD5BE6}.Release|Any CPU.Build.0 = Release|Any CPU
		{6BF2CEF1-2977-4375-9B53-D9E557FD5BE6}.Release|x64.ActiveCfg = Release|Any CPU
		{6BF2CEF1-2977-4375-9B53-D9E557FD5BE6}.Release|x64.Build.0 = Release|Any CPU
		{6BF2CEF1-2977-4375-9B53-D9E557FD5BE6}.Release|x86.ActiveCfg = Release|Any CPU
		{6BF2CEF1-2977-4375-9B53-D9E557FD5BE6}.Release|x86.Build.0 = Release|Any CPU
		{4C6A26D0-66CF-40FC-8CA7-7FC317CEDC47}.Debug|Any CPU.ActiveCfg = Debug|Any CPU
		{4C6A26D0-66CF-40FC-8CA7-7FC317CEDC47}.Debug|Any CPU.Build.0 = Debug|Any CPU
		{4C6A26D0-66CF-40FC-8CA7-7FC317CEDC47}.Debug|x64.ActiveCfg = Debug|Any CPU
		{4C6A26D0-66CF-40FC-8CA7-7FC317CEDC47}.Debug|x64.Build.0 = Debug|Any CPU
		{4C6A26D0-66CF-40FC-8CA7-7FC317CEDC47}.Debug|x86.ActiveCfg = Debug|Any CPU
		{4C6A26D0-66CF-40FC-8CA7-7FC317CEDC47}.Debug|x86.Build.0 = Debug|Any CPU
		{4C6A26D0-66CF-40FC-8CA7-7FC317CEDC47}.Release|Any CPU.ActiveCfg = Release|Any CPU
		{4C6A26D0-66CF-40FC-8CA7-7FC317CEDC47}.Release|Any CPU.Build.0 = Release|Any CPU
		{4C6A26D0-66CF-40FC-8CA7-7FC317CEDC47}.Release|x64.ActiveCfg = Release|Any CPU
		{4C6A26D0-66CF-40FC-8CA7-7FC317CEDC47}.Release|x64.Build.0 = Release|Any CPU
		{4C6A26D0-66CF-40FC-8CA7-7FC317CEDC47}.Release|x86.ActiveCfg = Release|Any CPU
		{4C6A26D0-66CF-40FC-8CA7-7FC317CEDC47}.Release|x86.Build.0 = Release|Any CPU
		{571329E6-382A-4134-8C67-6D2C9036F17F}.Debug|Any CPU.ActiveCfg = Debug|Any CPU
		{571329E6-382A-4134-8C67-6D2C9036F17F}.Debug|Any CPU.Build.0 = Debug|Any CPU
		{571329E6-382A-4134-8C67-6D2C9036F17F}.Debug|x64.ActiveCfg = Debug|Any CPU
		{571329E6-382A-4134-8C67-6D2C9036F17F}.Debug|x64.Build.0 = Debug|Any CPU
		{571329E6-382A-4134-8C67-6D2C9036F17F}.Debug|x86.ActiveCfg = Debug|Any CPU
		{571329E6-382A-4134-8C67-6D2C9036F17F}.Debug|x86.Build.0 = Debug|Any CPU
		{571329E6-382A-4134-8C67-6D2C9036F17F}.Release|Any CPU.ActiveCfg = Release|Any CPU
		{571329E6-382A-4134-8C67-6D2C9036F17F}.Release|Any CPU.Build.0 = Release|Any CPU
		{571329E6-382A-4134-8C67-6D2C9036F17F}.Release|x64.ActiveCfg = Release|Any CPU
		{571329E6-382A-4134-8C67-6D2C9036F17F}.Release|x64.Build.0 = Release|Any CPU
		{571329E6-382A-4134-8C67-6D2C9036F17F}.Release|x86.ActiveCfg = Release|Any CPU
		{571329E6-382A-4134-8C67-6D2C9036F17F}.Release|x86.Build.0 = Release|Any CPU
		{C277AB11-6B5A-400B-8C43-A6455AE8D278}.Debug|Any CPU.ActiveCfg = Debug|Any CPU
		{C277AB11-6B5A-400B-8C43-A6455AE8D278}.Debug|Any CPU.Build.0 = Debug|Any CPU
		{C277AB11-6B5A-400B-8C43-A6455AE8D278}.Debug|x64.ActiveCfg = Debug|Any CPU
		{C277AB11-6B5A-400B-8C43-A6455AE8D278}.Debug|x64.Build.0 = Debug|Any CPU
		{C277AB11-6B5A-400B-8C43-A6455AE8D278}.Debug|x86.ActiveCfg = Debug|Any CPU
		{C277AB11-6B5A-400B-8C43-A6455AE8D278}.Debug|x86.Build.0 = Debug|Any CPU
		{C277AB11-6B5A-400B-8C43-A6455AE8D278}.Release|Any CPU.ActiveCfg = Release|Any CPU
		{C277AB11-6B5A-400B-8C43-A6455AE8D278}.Release|Any CPU.Build.0 = Release|Any CPU
		{C277AB11-6B5A-400B-8C43-A6455AE8D278}.Release|x64.ActiveCfg = Release|Any CPU
		{C277AB11-6B5A-400B-8C43-A6455AE8D278}.Release|x64.Build.0 = Release|Any CPU
		{C277AB11-6B5A-400B-8C43-A6455AE8D278}.Release|x86.ActiveCfg = Release|Any CPU
		{C277AB11-6B5A-400B-8C43-A6455AE8D278}.Release|x86.Build.0 = Release|Any CPU
		{FDBD4504-8449-4ECB-931C-B1B561A7460A}.Debug|Any CPU.ActiveCfg = Debug|Any CPU
		{FDBD4504-8449-4ECB-931C-B1B561A7460A}.Debug|Any CPU.Build.0 = Debug|Any CPU
		{FDBD4504-8449-4ECB-931C-B1B561A7460A}.Debug|x64.ActiveCfg = Debug|Any CPU
		{FDBD4504-8449-4ECB-931C-B1B561A7460A}.Debug|x64.Build.0 = Debug|Any CPU
		{FDBD4504-8449-4ECB-931C-B1B561A7460A}.Debug|x86.ActiveCfg = Debug|Any CPU
		{FDBD4504-8449-4ECB-931C-B1B561A7460A}.Debug|x86.Build.0 = Debug|Any CPU
		{FDBD4504-8449-4ECB-931C-B1B561A7460A}.Release|Any CPU.ActiveCfg = Release|Any CPU
		{FDBD4504-8449-4ECB-931C-B1B561A7460A}.Release|Any CPU.Build.0 = Release|Any CPU
		{FDBD4504-8449-4ECB-931C-B1B561A7460A}.Release|x64.ActiveCfg = Release|Any CPU
		{FDBD4504-8449-4ECB-931C-B1B561A7460A}.Release|x64.Build.0 = Release|Any CPU
		{FDBD4504-8449-4ECB-931C-B1B561A7460A}.Release|x86.ActiveCfg = Release|Any CPU
		{FDBD4504-8449-4ECB-931C-B1B561A7460A}.Release|x86.Build.0 = Release|Any CPU
		{408BD56A-3C3D-421F-A852-B55BD9345147}.Debug|Any CPU.ActiveCfg = Debug|Any CPU
		{408BD56A-3C3D-421F-A852-B55BD9345147}.Debug|Any CPU.Build.0 = Debug|Any CPU
		{408BD56A-3C3D-421F-A852-B55BD9345147}.Debug|x64.ActiveCfg = Debug|Any CPU
		{408BD56A-3C3D-421F-A852-B55BD9345147}.Debug|x64.Build.0 = Debug|Any CPU
		{408BD56A-3C3D-421F-A852-B55BD9345147}.Debug|x86.ActiveCfg = Debug|Any CPU
		{408BD56A-3C3D-421F-A852-B55BD9345147}.Debug|x86.Build.0 = Debug|Any CPU
		{408BD56A-3C3D-421F-A852-B55BD9345147}.Release|Any CPU.ActiveCfg = Release|Any CPU
		{408BD56A-3C3D-421F-A852-B55BD9345147}.Release|Any CPU.Build.0 = Release|Any CPU
		{408BD56A-3C3D-421F-A852-B55BD9345147}.Release|x64.ActiveCfg = Release|Any CPU
		{408BD56A-3C3D-421F-A852-B55BD9345147}.Release|x64.Build.0 = Release|Any CPU
		{408BD56A-3C3D-421F-A852-B55BD9345147}.Release|x86.ActiveCfg = Release|Any CPU
		{408BD56A-3C3D-421F-A852-B55BD9345147}.Release|x86.Build.0 = Release|Any CPU
		{54BCB44A-3513-457F-95AB-0DF5388476DC}.Debug|Any CPU.ActiveCfg = Debug|Any CPU
		{54BCB44A-3513-457F-95AB-0DF5388476DC}.Debug|Any CPU.Build.0 = Debug|Any CPU
		{54BCB44A-3513-457F-95AB-0DF5388476DC}.Debug|x64.ActiveCfg = Debug|Any CPU
		{54BCB44A-3513-457F-95AB-0DF5388476DC}.Debug|x64.Build.0 = Debug|Any CPU
		{54BCB44A-3513-457F-95AB-0DF5388476DC}.Debug|x86.ActiveCfg = Debug|Any CPU
		{54BCB44A-3513-457F-95AB-0DF5388476DC}.Debug|x86.Build.0 = Debug|Any CPU
		{54BCB44A-3513-457F-95AB-0DF5388476DC}.Release|Any CPU.ActiveCfg = Release|Any CPU
		{54BCB44A-3513-457F-95AB-0DF5388476DC}.Release|Any CPU.Build.0 = Release|Any CPU
		{54BCB44A-3513-457F-95AB-0DF5388476DC}.Release|x64.ActiveCfg = Release|Any CPU
		{54BCB44A-3513-457F-95AB-0DF5388476DC}.Release|x64.Build.0 = Release|Any CPU
		{54BCB44A-3513-457F-95AB-0DF5388476DC}.Release|x86.ActiveCfg = Release|Any CPU
		{54BCB44A-3513-457F-95AB-0DF5388476DC}.Release|x86.Build.0 = Release|Any CPU
		{5CCF5AFE-AF3E-47CA-811D-DE7FC8AB63B2}.Debug|Any CPU.ActiveCfg = Debug|Any CPU
		{5CCF5AFE-AF3E-47CA-811D-DE7FC8AB63B2}.Debug|Any CPU.Build.0 = Debug|Any CPU
		{5CCF5AFE-AF3E-47CA-811D-DE7FC8AB63B2}.Debug|x64.ActiveCfg = Debug|Any CPU
		{5CCF5AFE-AF3E-47CA-811D-DE7FC8AB63B2}.Debug|x64.Build.0 = Debug|Any CPU
		{5CCF5AFE-AF3E-47CA-811D-DE7FC8AB63B2}.Debug|x86.ActiveCfg = Debug|Any CPU
		{5CCF5AFE-AF3E-47CA-811D-DE7FC8AB63B2}.Debug|x86.Build.0 = Debug|Any CPU
		{5CCF5AFE-AF3E-47CA-811D-DE7FC8AB63B2}.Release|Any CPU.ActiveCfg = Release|Any CPU
		{5CCF5AFE-AF3E-47CA-811D-DE7FC8AB63B2}.Release|Any CPU.Build.0 = Release|Any CPU
		{5CCF5AFE-AF3E-47CA-811D-DE7FC8AB63B2}.Release|x64.ActiveCfg = Release|Any CPU
		{5CCF5AFE-AF3E-47CA-811D-DE7FC8AB63B2}.Release|x64.Build.0 = Release|Any CPU
		{5CCF5AFE-AF3E-47CA-811D-DE7FC8AB63B2}.Release|x86.ActiveCfg = Release|Any CPU
		{5CCF5AFE-AF3E-47CA-811D-DE7FC8AB63B2}.Release|x86.Build.0 = Release|Any CPU
		{1E21C92E-A8E5-4E80-B6C7-B0A488C53CB6}.Debug|Any CPU.ActiveCfg = Debug|Any CPU
		{1E21C92E-A8E5-4E80-B6C7-B0A488C53CB6}.Debug|Any CPU.Build.0 = Debug|Any CPU
		{1E21C92E-A8E5-4E80-B6C7-B0A488C53CB6}.Debug|x64.ActiveCfg = Debug|Any CPU
		{1E21C92E-A8E5-4E80-B6C7-B0A488C53CB6}.Debug|x64.Build.0 = Debug|Any CPU
		{1E21C92E-A8E5-4E80-B6C7-B0A488C53CB6}.Debug|x86.ActiveCfg = Debug|Any CPU
		{1E21C92E-A8E5-4E80-B6C7-B0A488C53CB6}.Debug|x86.Build.0 = Debug|Any CPU
		{1E21C92E-A8E5-4E80-B6C7-B0A488C53CB6}.Release|Any CPU.ActiveCfg = Release|Any CPU
		{1E21C92E-A8E5-4E80-B6C7-B0A488C53CB6}.Release|Any CPU.Build.0 = Release|Any CPU
		{1E21C92E-A8E5-4E80-B6C7-B0A488C53CB6}.Release|x64.ActiveCfg = Release|Any CPU
		{1E21C92E-A8E5-4E80-B6C7-B0A488C53CB6}.Release|x64.Build.0 = Release|Any CPU
		{1E21C92E-A8E5-4E80-B6C7-B0A488C53CB6}.Release|x86.ActiveCfg = Release|Any CPU
		{1E21C92E-A8E5-4E80-B6C7-B0A488C53CB6}.Release|x86.Build.0 = Release|Any CPU
		{2EB5624D-F7BC-407C-A59E-686743AF2591}.Debug|Any CPU.ActiveCfg = Debug|Any CPU
		{2EB5624D-F7BC-407C-A59E-686743AF2591}.Debug|Any CPU.Build.0 = Debug|Any CPU
		{2EB5624D-F7BC-407C-A59E-686743AF2591}.Debug|x64.ActiveCfg = Debug|Any CPU
		{2EB5624D-F7BC-407C-A59E-686743AF2591}.Debug|x64.Build.0 = Debug|Any CPU
		{2EB5624D-F7BC-407C-A59E-686743AF2591}.Debug|x86.ActiveCfg = Debug|Any CPU
		{2EB5624D-F7BC-407C-A59E-686743AF2591}.Debug|x86.Build.0 = Debug|Any CPU
		{2EB5624D-F7BC-407C-A59E-686743AF2591}.Release|Any CPU.ActiveCfg = Release|Any CPU
		{2EB5624D-F7BC-407C-A59E-686743AF2591}.Release|Any CPU.Build.0 = Release|Any CPU
		{2EB5624D-F7BC-407C-A59E-686743AF2591}.Release|x64.ActiveCfg = Release|Any CPU
		{2EB5624D-F7BC-407C-A59E-686743AF2591}.Release|x64.Build.0 = Release|Any CPU
		{2EB5624D-F7BC-407C-A59E-686743AF2591}.Release|x86.ActiveCfg = Release|Any CPU
		{2EB5624D-F7BC-407C-A59E-686743AF2591}.Release|x86.Build.0 = Release|Any CPU
		{8450E983-EE3A-4D98-9598-31B1BA5570EF}.Debug|Any CPU.ActiveCfg = Debug|Any CPU
		{8450E983-EE3A-4D98-9598-31B1BA5570EF}.Debug|Any CPU.Build.0 = Debug|Any CPU
		{8450E983-EE3A-4D98-9598-31B1BA5570EF}.Debug|x64.ActiveCfg = Debug|Any CPU
		{8450E983-EE3A-4D98-9598-31B1BA5570EF}.Debug|x64.Build.0 = Debug|Any CPU
		{8450E983-EE3A-4D98-9598-31B1BA5570EF}.Debug|x86.ActiveCfg = Debug|Any CPU
		{8450E983-EE3A-4D98-9598-31B1BA5570EF}.Debug|x86.Build.0 = Debug|Any CPU
		{8450E983-EE3A-4D98-9598-31B1BA5570EF}.Release|Any CPU.ActiveCfg = Release|Any CPU
		{8450E983-EE3A-4D98-9598-31B1BA5570EF}.Release|Any CPU.Build.0 = Release|Any CPU
		{8450E983-EE3A-4D98-9598-31B1BA5570EF}.Release|x64.ActiveCfg = Release|Any CPU
		{8450E983-EE3A-4D98-9598-31B1BA5570EF}.Release|x64.Build.0 = Release|Any CPU
		{8450E983-EE3A-4D98-9598-31B1BA5570EF}.Release|x86.ActiveCfg = Release|Any CPU
		{8450E983-EE3A-4D98-9598-31B1BA5570EF}.Release|x86.Build.0 = Release|Any CPU
		{3096B47F-C69E-4DF3-872B-E2577B267E63}.Debug|Any CPU.ActiveCfg = Debug|Any CPU
		{3096B47F-C69E-4DF3-872B-E2577B267E63}.Debug|Any CPU.Build.0 = Debug|Any CPU
		{3096B47F-C69E-4DF3-872B-E2577B267E63}.Debug|x64.ActiveCfg = Debug|Any CPU
		{3096B47F-C69E-4DF3-872B-E2577B267E63}.Debug|x64.Build.0 = Debug|Any CPU
		{3096B47F-C69E-4DF3-872B-E2577B267E63}.Debug|x86.ActiveCfg = Debug|Any CPU
		{3096B47F-C69E-4DF3-872B-E2577B267E63}.Debug|x86.Build.0 = Debug|Any CPU
		{3096B47F-C69E-4DF3-872B-E2577B267E63}.Release|Any CPU.ActiveCfg = Release|Any CPU
		{3096B47F-C69E-4DF3-872B-E2577B267E63}.Release|Any CPU.Build.0 = Release|Any CPU
		{3096B47F-C69E-4DF3-872B-E2577B267E63}.Release|x64.ActiveCfg = Release|Any CPU
		{3096B47F-C69E-4DF3-872B-E2577B267E63}.Release|x64.Build.0 = Release|Any CPU
		{3096B47F-C69E-4DF3-872B-E2577B267E63}.Release|x86.ActiveCfg = Release|Any CPU
		{3096B47F-C69E-4DF3-872B-E2577B267E63}.Release|x86.Build.0 = Release|Any CPU
		{18040D8A-EC2E-477D-B027-1AE67A86F7A6}.Debug|Any CPU.ActiveCfg = Debug|Any CPU
		{18040D8A-EC2E-477D-B027-1AE67A86F7A6}.Debug|Any CPU.Build.0 = Debug|Any CPU
		{18040D8A-EC2E-477D-B027-1AE67A86F7A6}.Debug|x64.ActiveCfg = Debug|Any CPU
		{18040D8A-EC2E-477D-B027-1AE67A86F7A6}.Debug|x64.Build.0 = Debug|Any CPU
		{18040D8A-EC2E-477D-B027-1AE67A86F7A6}.Debug|x86.ActiveCfg = Debug|Any CPU
		{18040D8A-EC2E-477D-B027-1AE67A86F7A6}.Debug|x86.Build.0 = Debug|Any CPU
		{18040D8A-EC2E-477D-B027-1AE67A86F7A6}.Release|Any CPU.ActiveCfg = Release|Any CPU
		{18040D8A-EC2E-477D-B027-1AE67A86F7A6}.Release|Any CPU.Build.0 = Release|Any CPU
		{18040D8A-EC2E-477D-B027-1AE67A86F7A6}.Release|x64.ActiveCfg = Release|Any CPU
		{18040D8A-EC2E-477D-B027-1AE67A86F7A6}.Release|x64.Build.0 = Release|Any CPU
		{18040D8A-EC2E-477D-B027-1AE67A86F7A6}.Release|x86.ActiveCfg = Release|Any CPU
		{18040D8A-EC2E-477D-B027-1AE67A86F7A6}.Release|x86.Build.0 = Release|Any CPU
		{2085134B-DC89-4E0E-B38C-8BAC08B8ADA4}.Debug|Any CPU.ActiveCfg = Debug|Any CPU
		{2085134B-DC89-4E0E-B38C-8BAC08B8ADA4}.Debug|Any CPU.Build.0 = Debug|Any CPU
		{2085134B-DC89-4E0E-B38C-8BAC08B8ADA4}.Debug|x64.ActiveCfg = Debug|Any CPU
		{2085134B-DC89-4E0E-B38C-8BAC08B8ADA4}.Debug|x64.Build.0 = Debug|Any CPU
		{2085134B-DC89-4E0E-B38C-8BAC08B8ADA4}.Debug|x86.ActiveCfg = Debug|Any CPU
		{2085134B-DC89-4E0E-B38C-8BAC08B8ADA4}.Debug|x86.Build.0 = Debug|Any CPU
		{2085134B-DC89-4E0E-B38C-8BAC08B8ADA4}.Release|Any CPU.ActiveCfg = Release|Any CPU
		{2085134B-DC89-4E0E-B38C-8BAC08B8ADA4}.Release|Any CPU.Build.0 = Release|Any CPU
		{2085134B-DC89-4E0E-B38C-8BAC08B8ADA4}.Release|x64.ActiveCfg = Release|Any CPU
		{2085134B-DC89-4E0E-B38C-8BAC08B8ADA4}.Release|x64.Build.0 = Release|Any CPU
		{2085134B-DC89-4E0E-B38C-8BAC08B8ADA4}.Release|x86.ActiveCfg = Release|Any CPU
		{2085134B-DC89-4E0E-B38C-8BAC08B8ADA4}.Release|x86.Build.0 = Release|Any CPU
		{0DE04D63-EE20-4FF9-9C35-A041EC4E2E54}.Debug|Any CPU.ActiveCfg = Debug|Any CPU
		{0DE04D63-EE20-4FF9-9C35-A041EC4E2E54}.Debug|Any CPU.Build.0 = Debug|Any CPU
		{0DE04D63-EE20-4FF9-9C35-A041EC4E2E54}.Debug|x64.ActiveCfg = Debug|Any CPU
		{0DE04D63-EE20-4FF9-9C35-A041EC4E2E54}.Debug|x64.Build.0 = Debug|Any CPU
		{0DE04D63-EE20-4FF9-9C35-A041EC4E2E54}.Debug|x86.ActiveCfg = Debug|Any CPU
		{0DE04D63-EE20-4FF9-9C35-A041EC4E2E54}.Debug|x86.Build.0 = Debug|Any CPU
		{0DE04D63-EE20-4FF9-9C35-A041EC4E2E54}.Release|Any CPU.ActiveCfg = Release|Any CPU
		{0DE04D63-EE20-4FF9-9C35-A041EC4E2E54}.Release|Any CPU.Build.0 = Release|Any CPU
		{0DE04D63-EE20-4FF9-9C35-A041EC4E2E54}.Release|x64.ActiveCfg = Release|Any CPU
		{0DE04D63-EE20-4FF9-9C35-A041EC4E2E54}.Release|x64.Build.0 = Release|Any CPU
		{0DE04D63-EE20-4FF9-9C35-A041EC4E2E54}.Release|x86.ActiveCfg = Release|Any CPU
		{0DE04D63-EE20-4FF9-9C35-A041EC4E2E54}.Release|x86.Build.0 = Release|Any CPU
	EndGlobalSection
	GlobalSection(SolutionProperties) = preSolution
		HideSolutionNode = FALSE
	EndGlobalSection
	GlobalSection(NestedProjects) = preSolution
		{4C6A26D0-66CF-40FC-8CA7-7FC317CEDC47} = {E7CEAC97-EFA8-4459-86E9-9F0868F03946}
		{571329E6-382A-4134-8C67-6D2C9036F17F} = {E7CEAC97-EFA8-4459-86E9-9F0868F03946}
		{C277AB11-6B5A-400B-8C43-A6455AE8D278} = {E7CEAC97-EFA8-4459-86E9-9F0868F03946}
		{FDBD4504-8449-4ECB-931C-B1B561A7460A} = {E7CEAC97-EFA8-4459-86E9-9F0868F03946}
		{408BD56A-3C3D-421F-A852-B55BD9345147} = {E7CEAC97-EFA8-4459-86E9-9F0868F03946}
		{54BCB44A-3513-457F-95AB-0DF5388476DC} = {E7CEAC97-EFA8-4459-86E9-9F0868F03946}
		{5CCF5AFE-AF3E-47CA-811D-DE7FC8AB63B2} = {E7CEAC97-EFA8-4459-86E9-9F0868F03946}
		{1E21C92E-A8E5-4E80-B6C7-B0A488C53CB6} = {E7CEAC97-EFA8-4459-86E9-9F0868F03946}
		{2EB5624D-F7BC-407C-A59E-686743AF2591} = {E7CEAC97-EFA8-4459-86E9-9F0868F03946}
		{8450E983-EE3A-4D98-9598-31B1BA5570EF} = {E7CEAC97-EFA8-4459-86E9-9F0868F03946}
		{18040D8A-EC2E-477D-B027-1AE67A86F7A6} = {E7CEAC97-EFA8-4459-86E9-9F0868F03946}
		{2085134B-DC89-4E0E-B38C-8BAC08B8ADA4} = {E7CEAC97-EFA8-4459-86E9-9F0868F03946}
		{0DE04D63-EE20-4FF9-9C35-A041EC4E2E54} = {E7CEAC97-EFA8-4459-86E9-9F0868F03946}
	EndGlobalSection
	GlobalSection(ExtensibilityGlobals) = postSolution
		SolutionGuid = {A450E152-F8BB-412C-86ED-06A82ADFBDC9}
	EndGlobalSection
EndGlobal
